
Microsoft Visual Studio Solution File, Format Version 12.00
# Visual Studio 2013
VisualStudioVersion = 12.0.0.0
MinimumVisualStudioVersion = 10.0.0.1
Project("{8BB2217D-0F2D-49D1-97BC-3654ED321F3B}") = "FutureStack", "FutureStack.xproj", "{8E68FE91-DF19-4DE8-A68C-7368092CD1A1}"
EndProject
Project("{2150E333-8FDC-42A3-9474-1A3956D46DE8}") = "Tests", "Tests", "{9F074231-7B85-46E7-9445-39B6D9E7B40F}"
EndProject
Project("{8BB2217D-0F2D-49D1-97BC-3654ED321F3B}") = "ToDo-Test", "ToDo-Test\ToDo-Test.xproj", "{E8DC3242-BFA4-4A97-9B25-7086B5DB0716}"
EndProject
Project("{8BB2217D-0F2D-49D1-97BC-3654ED321F3B}") = "ToDo-Core", "ToDo-Core\ToDo-Core.xproj", "{095183A7-50F2-4302-B0A2-23D12B90FE3D}"
EndProject
Global
	GlobalSection(SolutionConfigurationPlatforms) = preSolution
		Debug|Any CPU = Debug|Any CPU
		Release|Any CPU = Release|Any CPU
	EndGlobalSection
	GlobalSection(ProjectConfigurationPlatforms) = postSolution
		{8E68FE91-DF19-4DE8-A68C-7368092CD1A1}.Debug|Any CPU.ActiveCfg = Debug|Any CPU
		{8E68FE91-DF19-4DE8-A68C-7368092CD1A1}.Debug|Any CPU.Build.0 = Debug|Any CPU
		{8E68FE91-DF19-4DE8-A68C-7368092CD1A1}.Release|Any CPU.ActiveCfg = Release|Any CPU
		{8E68FE91-DF19-4DE8-A68C-7368092CD1A1}.Release|Any CPU.Build.0 = Release|Any CPU
		{E8DC3242-BFA4-4A97-9B25-7086B5DB0716}.Debug|Any CPU.ActiveCfg = Debug|Any CPU
		{E8DC3242-BFA4-4A97-9B25-7086B5DB0716}.Debug|Any CPU.Build.0 = Debug|Any CPU
		{E8DC3242-BFA4-4A97-9B25-7086B5DB0716}.Release|Any CPU.ActiveCfg = Release|Any CPU
		{E8DC3242-BFA4-4A97-9B25-7086B5DB0716}.Release|Any CPU.Build.0 = Release|Any CPU
		{095183A7-50F2-4302-B0A2-23D12B90FE3D}.Debug|Any CPU.ActiveCfg = Debug|Any CPU
		{095183A7-50F2-4302-B0A2-23D12B90FE3D}.Debug|Any CPU.Build.0 = Debug|Any CPU
		{095183A7-50F2-4302-B0A2-23D12B90FE3D}.Release|Any CPU.ActiveCfg = Release|Any CPU
		{095183A7-50F2-4302-B0A2-23D12B90FE3D}.Release|Any CPU.Build.0 = Release|Any CPU
	EndGlobalSection
	GlobalSection(SolutionProperties) = preSolution
		HideSolutionNode = FALSE
	EndGlobalSection
	GlobalSection(NestedProjects) = preSolution
		{E8DC3242-BFA4-4A97-9B25-7086B5DB0716} = {9F074231-7B85-46E7-9445-39B6D9E7B40F}
	EndGlobalSection
EndGlobal
